
Microsoft Visual Studio Solution File, Format Version 12.00
# Visual Studio Version 17
VisualStudioVersion = 17.9.34622.214
MinimumVisualStudioVersion = 10.0.40219.1
Project("{8BC9CEB8-8B4A-11D0-8D11-00A0C91BC942}") = "051205008812_BAITAP1", "051205008812_BAITAP1\051205008812_BAITAP1.vcxproj", "{31512968-0C6C-4E63-912E-2CCA2082D145}"
EndProject
Global
	GlobalSection(SolutionConfigurationPlatforms) = preSolution
		Debug|x64 = Debug|x64
		Debug|x86 = Debug|x86
		Release|x64 = Release|x64
		Release|x86 = Release|x86
	EndGlobalSection
	GlobalSection(ProjectConfigurationPlatforms) = postSolution
		{31512968-0C6C-4E63-912E-2CCA2082D145}.Debug|x64.ActiveCfg = Debug|x64
		{31512968-0C6C-4E63-912E-2CCA2082D145}.Debug|x64.Build.0 = Debug|x64
		{31512968-0C6C-4E63-912E-2CCA2082D145}.Debug|x86.ActiveCfg = Debug|Win32
		{31512968-0C6C-4E63-912E-2CCA2082D145}.Debug|x86.Build.0 = Debug|Win32
		{31512968-0C6C-4E63-912E-2CCA2082D145}.Release|x64.ActiveCfg = Release|x64
		{31512968-0C6C-4E63-912E-2CCA2082D145}.Release|x64.Build.0 = Release|x64
		{31512968-0C6C-4E63-912E-2CCA2082D145}.Release|x86.ActiveCfg = Release|Win32
		{31512968-0C6C-4E63-912E-2CCA2082D145}.Release|x86.Build.0 = Release|Win32
	EndGlobalSection
	GlobalSection(SolutionProperties) = preSolution
		HideSolutionNode = FALSE
	EndGlobalSection
	GlobalSection(ExtensibilityGlobals) = postSolution
		SolutionGuid = {CFAB0C37-338E-4EEC-BDDB-D0ECFABF0BE8}
	EndGlobalSection
EndGlobal
